Microsoft Visual Studio Solution File, Format Version 12.00
# Visual Studio Version 17
VisualStudioVersion = 17.5.2.0
MinimumVisualStudioVersion = 10.0.40219.1
Project("{2150E333-8FDC-42A3-9474-1A3956D46DE8}") = "HybridizerBasicSamples_CUDA", "HybridizerBasicSamples_CUDA", "{8EB20B68-452B-A7A8-79D9-EC29610CE5EA}"
EndProject
Project("{2150E333-8FDC-42A3-9474-1A3956D46DE8}") = "0.Utils", "0.Utils", "{ACD66E73-1ED1-E009-E158-50394859CF13}"
EndProject
Project("{FAE04EC0-301F-11D3-BF4B-00C04F79EFBC}") = "Utilities", "HybridizerBasicSamples_CUDA\0.Utils\Utilities\Utilities.csproj", "{99EF7CB7-1CCD-9B74-8B0D-03D1CF8310AA}"
EndProject
Project("{2150E333-8FDC-42A3-9474-1A3956D46DE8}") = "1.Simple", "1.Simple", "{8F558764-DB0E-A9E2-0F32-4D191C7F545E}"
EndProject
Project("{2150E333-8FDC-42A3-9474-1A3956D46DE8}") = "Builtin", "Builtin", "{3C793154-5216-4B87-1850-0CE2F674C3DD}"
EndProject
Project("{FAE04EC0-301F-11D3-BF4B-00C04F79EFBC}") = "Builtin", "HybridizerBasicSamples_CUDA\1.Simple\Builtin\Builtin\Builtin.csproj", "{D3FCB69F-7B56-D44B-7F69-091EBE96D466}"
EndProject
Project("{2150E333-8FDC-42A3-9474-1A3956D46DE8}") = "HelloWorld", "HelloWorld", "{CF358F26-D4C3-3EB2-97F6-4003CDCA6311}"
EndProject
Project("{FAE04EC0-301F-11D3-BF4B-00C04F79EFBC}") = "HelloWorld", "HybridizerBasicSamples_CUDA\1.Simple\HelloWorld\HelloWorld\HelloWorld.csproj", "{D4EA061F-F88A-A91A-EA36-6032C3F3C200}"
EndProject
Project("{2150E333-8FDC-42A3-9474-1A3956D46DE8}") = "Intrinsics", "Intrinsics", "{AF15DB36-C1B7-1B05-8385-A23A7A627F3C}"
EndProject
Project("{FAE04EC0-301F-11D3-BF4B-00C04F79EFBC}") = "Intrinsics", "HybridizerBasicSamples_CUDA\1.Simple\Intrinsics\Intrinsics\Intrinsics.csproj", "{D919C87D-41F1-579F-708D-AF68DBF97EF1}"
EndProject
Project("{2150E333-8FDC-42A3-9474-1A3956D46DE8}") = "Malloc", "Malloc", "{571033EC-E412-9FF5-8D40-A5FA3FE86EEB}"
EndProject
Project("{FAE04EC0-301F-11D3-BF4B-00C04F79EFBC}") = "Malloc", "HybridizerBasicSamples_CUDA\1.Simple\Malloc\Malloc\Malloc.csproj", "{69E88FD8-18C1-905E-892D-BFFE54E85DF6}"
EndProject
Project("{2150E333-8FDC-42A3-9474-1A3956D46DE8}") = "Mandelbrot", "Mandelbrot", "{64828451-11EC-A7A6-55F6-BAFC54B66470}"
EndProject
Project("{FAE04EC0-301F-11D3-BF4B-00C04F79EFBC}") = "Mandelbrot", "HybridizerBasicSamples_CUDA\1.Simple\Mandelbrot\Mandelbrot\Mandelbrot.csproj", "{6E2ACAC4-74BB-BC34-379C-7AA791628A61}"
EndProject
Project("{2150E333-8FDC-42A3-9474-1A3956D46DE8}") = "Printf", "Printf", "{EEADB155-8D65-4452-7370-406C63049180}"
EndProject
Project("{FAE04EC0-301F-11D3-BF4B-00C04F79EFBC}") = "SimplePrintf", "HybridizerBasicSamples_CUDA\1.Simple\Printf\SimplePrintf\SimplePrintf.csproj", "{E0CAD15D-FD58-287D-A23F-1385CF476BC1}"
EndProject
Project("{2150E333-8FDC-42A3-9474-1A3956D46DE8}") = "Recursion", "Recursion", "{586A72F5-176A-9E47-2E95-C63AEC85A16A}"
EndProject
Project("{FAE04EC0-301F-11D3-BF4B-00C04F79EFBC}") = "Recursion", "HybridizerBasicSamples_CUDA\1.Simple\Recursion\Recursion\Recursion.csproj", "{C1221623-75A7-28F1-9D4C-2593784930A4}"
EndProject
Project("{2150E333-8FDC-42A3-9474-1A3956D46DE8}") = "Reduction", "Reduction", "{8E45A189-D904-D899-5D5C-6DA83EFACB0E}"
EndProject
Project("{FAE04EC0-301F-11D3-BF4B-00C04F79EFBC}") = "Reduction", "HybridizerBasicSamples_CUDA\1.Simple\Reduction\Reduction\Reduction.csproj", "{B629D378-FF49-6B69-E988-DB714E8981E6}"
EndProject
Project("{2150E333-8FDC-42A3-9474-1A3956D46DE8}") = "2.Imaging", "2.Imaging", "{7DABA304-DDD5-2039-3DFF-D927FED573BE}"
EndProject
Project("{2150E333-8FDC-42A3-9474-1A3956D46DE8}") = "Sobel", "Sobel", "{8B6B9236-49D9-3917-82D1-8CB04FEF7AFE}"
EndProject
Project("{FAE04EC0-301F-11D3-BF4B-00C04F79EFBC}") = "Sobel", "HybridizerBasicSamples_CUDA\2.Imaging\Sobel\Sobel\Sobel.csproj", "{34C89653-6F02-B2FB-4E00-EB33AB995767}"
EndProject
Project("{2150E333-8FDC-42A3-9474-1A3956D46DE8}") = "Sobel_2D", "Sobel_2D", "{E0CE6552-BA95-E909-621F-EDCE38C129A3}"
EndProject
Project("{FAE04EC0-301F-11D3-BF4B-00C04F79EFBC}") = "Sobel_2D", "HybridizerBasicSamples_CUDA\2.Imaging\Sobel_2D\Sobel_2D\Sobel_2D.csproj", "{3D45FD07-FE41-B73D-34DA-346A39DE9AF5}"
EndProject
Project("{2150E333-8FDC-42A3-9474-1A3956D46DE8}") = "3.Maths", "3.Maths", "{CCC14703-AC6D-6260-5E11-9523773AE7BA}"
EndProject
Project("{2150E333-8FDC-42A3-9474-1A3956D46DE8}") = "ConjugateGradient", "ConjugateGradient", "{F1B4F4DC-0FD6-0CBA-59EB-B004D525917B}"
EndProject
Project("{FAE04EC0-301F-11D3-BF4B-00C04F79EFBC}") = "ConjugateGradient", "HybridizerBasicSamples_CUDA\3.Maths\ConjugateGradient\ConjugateGradient\ConjugateGradient.csproj", "{17D19C62-702F-71A6-8EDD-32E942D620FB}"
EndProject
Project("{2150E333-8FDC-42A3-9474-1A3956D46DE8}") = "Mandelbulb", "Mandelbulb", "{050F9AFF-8B3D-FEA0-2B79-DBC7AEC3DC7B}"
EndProject
Project("{FAE04EC0-301F-11D3-BF4B-00C04F79EFBC}") = "Mandelbulb", "HybridizerBasicSamples_CUDA\3.Maths\Mandelbulb\Mandelbulb\Mandelbulb.csproj", "{54596988-95C9-B0A2-937E-18EFA40FB89A}"
EndProject
Project("{2150E333-8FDC-42A3-9474-1A3956D46DE8}") = "MonteCarloHeatEquation", "MonteCarloHeatEquation", "{7C243713-6863-97AA-767D-380D7F7BE56C}"
EndProject
Project("{FAE04EC0-301F-11D3-BF4B-00C04F79EFBC}") = "MonteCarloHeatEquation", "HybridizerBasicSamples_CUDA\3.Maths\MonteCarloHeatEquation\MonteCarloHeatEquation\MonteCarloHeatEquation.csproj", "{B2BEEEB7-B81C-18D2-F9E8-7AD15D479905}"
EndProject
Project("{2150E333-8FDC-42A3-9474-1A3956D46DE8}") = "NaiveMatrix", "NaiveMatrix", "{047A6E96-B0F6-F734-8E02-D5918D887A04}"
EndProject
Project("{FAE04EC0-301F-11D3-BF4B-00C04F79EFBC}") = "NaiveMatrix", "HybridizerBasicSamples_CUDA\3.Maths\NaiveMatrix\NaiveMatrix\NaiveMatrix.csproj", "{EA69A393-5BC8-64C7-2EAF-708DA35ABE37}"
EndProject
Project("{2150E333-8FDC-42A3-9474-1A3956D46DE8}") = "NBody", "NBody", "{F8A6AF54-59D8-52CF-6659-4F94FFAF22DE}"
EndProject
Project("{FAE04EC0-301F-11D3-BF4B-00C04F79EFBC}") = "NBody", "HybridizerBasicSamples_CUDA\3.Maths\NBody\NBody\NBody.csproj", "{A94EAF41-17BE-46AF-0895-52C98122E793}"
EndProject
Project("{2150E333-8FDC-42A3-9474-1A3956D46DE8}") = "Newton", "Newton", "{FCAC8B1B-A6E4-7AC2-9AFB-F9BAB800D6AD}"
EndProject
Project("{FAE04EC0-301F-11D3-BF4B-00C04F79EFBC}") = "Newton", "HybridizerBasicSamples_CUDA\3.Maths\Newton\Newton\Newton.csproj", "{33E0868F-771F-439D-F98B-0C3D6D437017}"
EndProject
Project("{2150E333-8FDC-42A3-9474-1A3956D46DE8}") = "SharedMatrix", "SharedMatrix", "{76C0149B-F355-34BB-55A0-A52A47424851}"
EndProject
Project("{FAE04EC0-301F-11D3-BF4B-00C04F79EFBC}") = "SharedMatrix", "HybridizerBasicSamples_CUDA\3.Maths\SharedMatrix\SharedMatrix\SharedMatrix.csproj", "{1DA09F43-8D5D-9206-CEA2-6446BC22BC39}"
EndProject
Project("{2150E333-8FDC-42A3-9474-1A3956D46DE8}") = "SparseMatrix", "SparseMatrix", "{79C635C6-D361-A4C5-84B8-74F16D9C2636}"
EndProject
Project("{FAE04EC0-301F-11D3-BF4B-00C04F79EFBC}") = "SparseMatrix", "HybridizerBasicSamples_CUDA\3.Maths\SparseMatrix\SparseMatrix\SparseMatrix.csproj", "{E0D81730-8B21-A23E-BFA9-9AE424799269}"
EndProject
Project("{2150E333-8FDC-42A3-9474-1A3956D46DE8}") = "4.Finance", "4.Finance", "{07FACE51-0153-E841-1CC4-4FC875EA51EF}"
EndProject
Project("{2150E333-8FDC-42A3-9474-1A3956D46DE8}") = "BlackScholes", "BlackScholes", "{062A1D06-6675-849E-FA97-03B9F1E5F226}"
EndProject
Project("{FAE04EC0-301F-11D3-BF4B-00C04F79EFBC}") = "BlackScholes", "HybridizerBasicSamples_CUDA\4.Finance\BlackScholes\BlackScholes\BlackScholes.csproj", "{DAFFC924-5E52-78B3-57D4-0121702B1C3D}"
EndProject
Project("{2150E333-8FDC-42A3-9474-1A3956D46DE8}") = "BlackScholesFloat4", "BlackScholesFloat4", "{CE3C65EF-A4C0-7044-2826-75537B25241A}"
EndProject
Project("{FAE04EC0-301F-11D3-BF4B-00C04F79EFBC}") = "BlackScholesFloat4", "HybridizerBasicSamples_CUDA\4.Finance\BlackScholesFloat4\BlackScholesFloat4\BlackScholesFloat4.csproj", "{23E7C8C3-79E5-83AC-192D-7F22D405408E}"
EndProject
Project("{2150E333-8FDC-42A3-9474-1A3956D46DE8}") = "5.CUDA_runtime", "5.CUDA_runtime", "{8319F3CD-ED5C-3493-FC17-65F9E1368DE4}"
EndProject
Project("{2150E333-8FDC-42A3-9474-1A3956D46DE8}") = "ConstantMemory", "ConstantMemory", "{75E2C881-1836-CCCC-7BB2-58B94489DF6E}"
EndProject
Project("{FAE04EC0-301F-11D3-BF4B-00C04F79EFBC}") = "ConstantMemory", "HybridizerBasicSamples_CUDA\5.CUDA_runtime\ConstantMemory\ConstantMemory\ConstantMemory.csproj", "{C6C6102C-6EA5-23D5-A928-C3264E385630}"
EndProject
Project("{2150E333-8FDC-42A3-9474-1A3956D46DE8}") = "Streams", "Streams", "{75E7AAF2-0DAB-AFCF-90B6-A33372B35B05}"
EndProject
Project("{FAE04EC0-301F-11D3-BF4B-00C04F79EFBC}") = "Streams", "HybridizerBasicSamples_CUDA\5.CUDA_runtime\Streams\Streams\Streams.csproj", "{402ACB00-B9EA-DF78-EB82-A9D86F0CB4AC}"
EndProject
Project("{2150E333-8FDC-42A3-9474-1A3956D46DE8}") = "6.Advanced", "6.Advanced", "{12B152AF-2B79-EB50-820F-1A60149EF988}"
EndProject
Project("{2150E333-8FDC-42A3-9474-1A3956D46DE8}") = "GenericFunctions", "GenericFunctions", "{A9681914-C745-A5B4-F490-AAB42BFF96BD}"
EndProject
Project("{FAE04EC0-301F-11D3-BF4B-00C04F79EFBC}") = "GenericFunctions", "HybridizerBasicSamples_CUDA\6.Advanced\GenericFunctions\GenericFunctions\GenericFunctions.csproj", "{FCC03A87-D3CD-7036-6E12-2B5266A9B3AE}"
EndProject
Project("{2150E333-8FDC-42A3-9474-1A3956D46DE8}") = "GenericReduction", "GenericReduction", "{2D7B240D-2265-C63E-C37F-9395CE626F3D}"
EndProject
Project("{FAE04EC0-301F-11D3-BF4B-00C04F79EFBC}") = "GenericReduction", "HybridizerBasicSamples_CUDA\6.Advanced\GenericReduction\GenericReduction\GenericReduction.csproj", "{4ABBE1E0-29F1-49C4-402B-8C29344A2D82}"
EndProject
Project("{2150E333-8FDC-42A3-9474-1A3956D46DE8}") = "InterfacesReduction", "InterfacesReduction", "{CA3F9727-98FB-7C96-8D23-20B3E7DBCD14}"
EndProject
Project("{FAE04EC0-301F-11D3-BF4B-00C04F79EFBC}") = "InterfacesReduction", "HybridizerBasicSamples_CUDA\6.Advanced\InterfacesReduction\InterfacesReduction\InterfacesReduction.csproj", "{D1DF541A-9CDB-DBA3-A6CE-FD589160A895}"
EndProject
Project("{2150E333-8FDC-42A3-9474-1A3956D46DE8}") = "LambdaReduction", "LambdaReduction", "{B4A32806-B805-62CD-1BC9-3EC4F936F265}"
EndProject
Project("{FAE04EC0-301F-11D3-BF4B-00C04F79EFBC}") = "LambdaReduction", "HybridizerBasicSamples_CUDA\6.Advanced\LambdaReduction\LambdaReduction\LambdaReduction.csproj", "{C53A186B-DB43-2624-3D0F-D1CEF43BDF6B}"
EndProject
Project("{2150E333-8FDC-42A3-9474-1A3956D46DE8}") = "SimpleMetadataDecorator", "SimpleMetadataDecorator", "{0407418D-9946-7838-E729-57B49B245E10}"
EndProject
Project("{FAE04EC0-301F-11D3-BF4B-00C04F79EFBC}") = "SimpleMetadataDecorator", "HybridizerBasicSamples_CUDA\6.Advanced\SimpleMetadataDecorator\SimpleMetadataDecorator\SimpleMetadataDecorator.csproj", "{7F46A493-DF2C-42E8-48CF-EA12484A3F3E}"
EndProject
Project("{2150E333-8FDC-42A3-9474-1A3956D46DE8}") = "GenericMemoryAccess", "GenericMemoryAccess", "{5D9A82E9-3EF0-D34E-FD0A-D1B98F30AF6E}"
EndProject
Project("{2150E333-8FDC-42A3-9474-1A3956D46DE8}") = "GenericMemoryAccess", "GenericMemoryAccess", "{71F645EA-F222-17F8-537A-57BB1069B28D}"
EndProject
Project("{FAE04EC0-301F-11D3-BF4B-00C04F79EFBC}") = "GenericMemoryAccess", "HybridizerBasicSamples_CUDA\6.Advanced\GenericMemoryAccess\GenericMemoryAccess\GenericMemoryAccess\GenericMemoryAccess.csproj", "{E80554D5-D8C2-42BF-A526-4EE100845054}"
EndProject
Global
	GlobalSection(SolutionConfigurationPlatforms) = preSolution
		Debug|Any CPU = Debug|Any CPU
		Release|Any CPU = Release|Any CPU
	EndGlobalSection
	GlobalSection(ProjectConfigurationPlatforms) = postSolution
		{99EF7CB7-1CCD-9B74-8B0D-03D1CF8310AA}.Debug|Any CPU.ActiveCfg = Debug|Any CPU
		{99EF7CB7-1CCD-9B74-8B0D-03D1CF8310AA}.Debug|Any CPU.Build.0 = Debug|Any CPU
		{99EF7CB7-1CCD-9B74-8B0D-03D1CF8310AA}.Release|Any CPU.ActiveCfg = Release|Any CPU
		{99EF7CB7-1CCD-9B74-8B0D-03D1CF8310AA}.Release|Any CPU.Build.0 = Release|Any CPU
		{D3FCB69F-7B56-D44B-7F69-091EBE96D466}.Debug|Any CPU.ActiveCfg = Debug|Any CPU
		{D3FCB69F-7B56-D44B-7F69-091EBE96D466}.Debug|Any CPU.Build.0 = Debug|Any CPU
		{D3FCB69F-7B56-D44B-7F69-091EBE96D466}.Release|Any CPU.ActiveCfg = Release|Any CPU
		{D3FCB69F-7B56-D44B-7F69-091EBE96D466}.Release|Any CPU.Build.0 = Release|Any CPU
		{D4EA061F-F88A-A91A-EA36-6032C3F3C200}.Debug|Any CPU.ActiveCfg = Debug|Any CPU
		{D4EA061F-F88A-A91A-EA36-6032C3F3C200}.Debug|Any CPU.Build.0 = Debug|Any CPU
		{D4EA061F-F88A-A91A-EA36-6032C3F3C200}.Release|Any CPU.ActiveCfg = Release|Any CPU
		{D4EA061F-F88A-A91A-EA36-6032C3F3C200}.Release|Any CPU.Build.0 = Release|Any CPU
		{D919C87D-41F1-579F-708D-AF68DBF97EF1}.Debug|Any CPU.ActiveCfg = Debug|Any CPU
		{D919C87D-41F1-579F-708D-AF68DBF97EF1}.Debug|Any CPU.Build.0 = Debug|Any CPU
		{D919C87D-41F1-579F-708D-AF68DBF97EF1}.Release|Any CPU.ActiveCfg = Release|Any CPU
		{D919C87D-41F1-579F-708D-AF68DBF97EF1}.Release|Any CPU.Build.0 = Release|Any CPU
		{69E88FD8-18C1-905E-892D-BFFE54E85DF6}.Debug|Any CPU.ActiveCfg = Debug|Any CPU
		{69E88FD8-18C1-905E-892D-BFFE54E85DF6}.Debug|Any CPU.Build.0 = Debug|Any CPU
		{69E88FD8-18C1-905E-892D-BFFE54E85DF6}.Release|Any CPU.ActiveCfg = Release|Any CPU
		{69E88FD8-18C1-905E-892D-BFFE54E85DF6}.Release|Any CPU.Build.0 = Release|Any CPU
		{6E2ACAC4-74BB-BC34-379C-7AA791628A61}.Debug|Any CPU.ActiveCfg = Debug|Any CPU
		{6E2ACAC4-74BB-BC34-379C-7AA791628A61}.Debug|Any CPU.Build.0 = Debug|Any CPU
		{6E2ACAC4-74BB-BC34-379C-7AA791628A61}.Release|Any CPU.ActiveCfg = Release|Any CPU
		{6E2ACAC4-74BB-BC34-379C-7AA791628A61}.Release|Any CPU.Build.0 = Release|Any CPU
		{E0CAD15D-FD58-287D-A23F-1385CF476BC1}.Debug|Any CPU.ActiveCfg = Debug|Any CPU
		{E0CAD15D-FD58-287D-A23F-1385CF476BC1}.Debug|Any CPU.Build.0 = Debug|Any CPU
		{E0CAD15D-FD58-287D-A23F-1385CF476BC1}.Release|Any CPU.ActiveCfg = Release|Any CPU
		{E0CAD15D-FD58-287D-A23F-1385CF476BC1}.Release|Any CPU.Build.0 = Release|Any CPU
		{C1221623-75A7-28F1-9D4C-2593784930A4}.Debug|Any CPU.ActiveCfg = Debug|Any CPU
		{C1221623-75A7-28F1-9D4C-2593784930A4}.Debug|Any CPU.Build.0 = Debug|Any CPU
		{C1221623-75A7-28F1-9D4C-2593784930A4}.Release|Any CPU.ActiveCfg = Release|Any CPU
		{C1221623-75A7-28F1-9D4C-2593784930A4}.Release|Any CPU.Build.0 = Release|Any CPU
		{B629D378-FF49-6B69-E988-DB714E8981E6}.Debug|Any CPU.ActiveCfg = Debug|Any CPU
		{B629D378-FF49-6B69-E988-DB714E8981E6}.Debug|Any CPU.Build.0 = Debug|Any CPU
		{B629D378-FF49-6B69-E988-DB714E8981E6}.Release|Any CPU.ActiveCfg = Release|Any CPU
		{B629D378-FF49-6B69-E988-DB714E8981E6}.Release|Any CPU.Build.0 = Release|Any CPU
		{34C89653-6F02-B2FB-4E00-EB33AB995767}.Debug|Any CPU.ActiveCfg = Debug|Any CPU
		{34C89653-6F02-B2FB-4E00-EB33AB995767}.Debug|Any CPU.Build.0 = Debug|Any CPU
		{34C89653-6F02-B2FB-4E00-EB33AB995767}.Release|Any CPU.ActiveCfg = Release|Any CPU
		{34C89653-6F02-B2FB-4E00-EB33AB995767}.Release|Any CPU.Build.0 = Release|Any CPU
		{3D45FD07-FE41-B73D-34DA-346A39DE9AF5}.Debug|Any CPU.ActiveCfg = Debug|Any CPU
		{3D45FD07-FE41-B73D-34DA-346A39DE9AF5}.Debug|Any CPU.Build.0 = Debug|Any CPU
		{3D45FD07-FE41-B73D-34DA-346A39DE9AF5}.Release|Any CPU.ActiveCfg = Release|Any CPU
		{3D45FD07-FE41-B73D-34DA-346A39DE9AF5}.Release|Any CPU.Build.0 = Release|Any CPU
		{17D19C62-702F-71A6-8EDD-32E942D620FB}.Debug|Any CPU.ActiveCfg = Debug|Any CPU
		{17D19C62-702F-71A6-8EDD-32E942D620FB}.Debug|Any CPU.Build.0 = Debug|Any CPU
		{17D19C62-702F-71A6-8EDD-32E942D620FB}.Release|Any CPU.ActiveCfg = Release|Any CPU
		{17D19C62-702F-71A6-8EDD-32E942D620FB}.Release|Any CPU.Build.0 = Release|Any CPU
		{54596988-95C9-B0A2-937E-18EFA40FB89A}.Debug|Any CPU.ActiveCfg = Debug|Any CPU
		{54596988-95C9-B0A2-937E-18EFA40FB89A}.Debug|Any CPU.Build.0 = Debug|Any CPU
		{54596988-95C9-B0A2-937E-18EFA40FB89A}.Release|Any CPU.ActiveCfg = Release|Any CPU
		{54596988-95C9-B0A2-937E-18EFA40FB89A}.Release|Any CPU.Build.0 = Release|Any CPU
		{B2BEEEB7-B81C-18D2-F9E8-7AD15D479905}.Debug|Any CPU.ActiveCfg = Debug|Any CPU
		{B2BEEEB7-B81C-18D2-F9E8-7AD15D479905}.Debug|Any CPU.Build.0 = Debug|Any CPU
		{B2BEEEB7-B81C-18D2-F9E8-7AD15D479905}.Release|Any CPU.ActiveCfg = Release|Any CPU
		{B2BEEEB7-B81C-18D2-F9E8-7AD15D479905}.Release|Any CPU.Build.0 = Release|Any CPU
		{EA69A393-5BC8-64C7-2EAF-708DA35ABE37}.Debug|Any CPU.ActiveCfg = Debug|Any CPU
		{EA69A393-5BC8-64C7-2EAF-708DA35ABE37}.Debug|Any CPU.Build.0 = Debug|Any CPU
		{EA69A393-5BC8-64C7-2EAF-708DA35ABE37}.Release|Any CPU.ActiveCfg = Release|Any CPU
		{EA69A393-5BC8-64C7-2EAF-708DA35ABE37}.Release|Any CPU.Build.0 = Release|Any CPU
		{A94EAF41-17BE-46AF-0895-52C98122E793}.Debug|Any CPU.ActiveCfg = Debug|Any CPU
		{A94EAF41-17BE-46AF-0895-52C98122E793}.Debug|Any CPU.Build.0 = Debug|Any CPU
		{A94EAF41-17BE-46AF-0895-52C98122E793}.Release|Any CPU.ActiveCfg = Release|Any CPU
		{A94EAF41-17BE-46AF-0895-52C98122E793}.Release|Any CPU.Build.0 = Release|Any CPU
		{33E0868F-771F-439D-F98B-0C3D6D437017}.Debug|Any CPU.ActiveCfg = Debug|Any CPU
		{33E0868F-771F-439D-F98B-0C3D6D437017}.Debug|Any CPU.Build.0 = Debug|Any CPU
		{33E0868F-771F-439D-F98B-0C3D6D437017}.Release|Any CPU.ActiveCfg = Release|Any CPU
		{33E0868F-771F-439D-F98B-0C3D6D437017}.Release|Any CPU.Build.0 = Release|Any CPU
		{1DA09F43-8D5D-9206-CEA2-6446BC22BC39}.Debug|Any CPU.ActiveCfg = Debug|Any CPU
		{1DA09F43-8D5D-9206-CEA2-6446BC22BC39}.Debug|Any CPU.Build.0 = Debug|Any CPU
		{1DA09F43-8D5D-9206-CEA2-6446BC22BC39}.Release|Any CPU.ActiveCfg = Release|Any CPU
		{1DA09F43-8D5D-9206-CEA2-6446BC22BC39}.Release|Any CPU.Build.0 = Release|Any CPU
		{E0D81730-8B21-A23E-BFA9-9AE424799269}.Debug|Any CPU.ActiveCfg = Debug|Any CPU
		{E0D81730-8B21-A23E-BFA9-9AE424799269}.Debug|Any CPU.Build.0 = Debug|Any CPU
		{E0D81730-8B21-A23E-BFA9-9AE424799269}.Release|Any CPU.ActiveCfg = Release|Any CPU
		{E0D81730-8B21-A23E-BFA9-9AE424799269}.Release|Any CPU.Build.0 = Release|Any CPU
		{DAFFC924-5E52-78B3-57D4-0121702B1C3D}.Debug|Any CPU.ActiveCfg = Debug|Any CPU
		{DAFFC924-5E52-78B3-57D4-0121702B1C3D}.Debug|Any CPU.Build.0 = Debug|Any CPU
		{DAFFC924-5E52-78B3-57D4-0121702B1C3D}.Release|Any CPU.ActiveCfg = Release|Any CPU
		{DAFFC924-5E52-78B3-57D4-0121702B1C3D}.Release|Any CPU.Build.0 = Release|Any CPU
		{23E7C8C3-79E5-83AC-192D-7F22D405408E}.Debug|Any CPU.ActiveCfg = Debug|Any CPU
		{23E7C8C3-79E5-83AC-192D-7F22D405408E}.Debug|Any CPU.Build.0 = Debug|Any CPU
		{23E7C8C3-79E5-83AC-192D-7F22D405408E}.Release|Any CPU.ActiveCfg = Release|Any CPU
		{23E7C8C3-79E5-83AC-192D-7F22D405408E}.Release|Any CPU.Build.0 = Release|Any CPU
		{C6C6102C-6EA5-23D5-A928-C3264E385630}.Debug|Any CPU.ActiveCfg = Debug|Any CPU
		{C6C6102C-6EA5-23D5-A928-C3264E385630}.Debug|Any CPU.Build.0 = Debug|Any CPU
		{C6C6102C-6EA5-23D5-A928-C3264E385630}.Release|Any CPU.ActiveCfg = Release|Any CPU
		{C6C6102C-6EA5-23D5-A928-C3264E385630}.Release|Any CPU.Build.0 = Release|Any CPU
		{402ACB00-B9EA-DF78-EB82-A9D86F0CB4AC}.Debug|Any CPU.ActiveCfg = Debug|Any CPU
		{402ACB00-B9EA-DF78-EB82-A9D86F0CB4AC}.Debug|Any CPU.Build.0 = Debug|Any CPU
		{402ACB00-B9EA-DF78-EB82-A9D86F0CB4AC}.Release|Any CPU.ActiveCfg = Release|Any CPU
		{402ACB00-B9EA-DF78-EB82-A9D86F0CB4AC}.Release|Any CPU.Build.0 = Release|Any CPU
		{FCC03A87-D3CD-7036-6E12-2B5266A9B3AE}.Debug|Any CPU.ActiveCfg = Debug|Any CPU
		{FCC03A87-D3CD-7036-6E12-2B5266A9B3AE}.Debug|Any CPU.Build.0 = Debug|Any CPU
		{FCC03A87-D3CD-7036-6E12-2B5266A9B3AE}.Release|Any CPU.ActiveCfg = Release|Any CPU
		{FCC03A87-D3CD-7036-6E12-2B5266A9B3AE}.Release|Any CPU.Build.0 = Release|Any CPU
		{4ABBE1E0-29F1-49C4-402B-8C29344A2D82}.Debug|Any CPU.ActiveCfg = Debug|Any CPU
		{4ABBE1E0-29F1-49C4-402B-8C29344A2D82}.Debug|Any CPU.Build.0 = Debug|Any CPU
		{4ABBE1E0-29F1-49C4-402B-8C29344A2D82}.Release|Any CPU.ActiveCfg = Release|Any CPU
		{4ABBE1E0-29F1-49C4-402B-8C29344A2D82}.Release|Any CPU.Build.0 = Release|Any CPU
		{D1DF541A-9CDB-DBA3-A6CE-FD589160A895}.Debug|Any CPU.ActiveCfg = Debug|Any CPU
		{D1DF541A-9CDB-DBA3-A6CE-FD589160A895}.Debug|Any CPU.Build.0 = Debug|Any CPU
		{D1DF541A-9CDB-DBA3-A6CE-FD589160A895}.Release|Any CPU.ActiveCfg = Release|Any CPU
		{D1DF541A-9CDB-DBA3-A6CE-FD589160A895}.Release|Any CPU.Build.0 = Release|Any CPU
		{C53A186B-DB43-2624-3D0F-D1CEF43BDF6B}.Debug|Any CPU.ActiveCfg = Debug|Any CPU
		{C53A186B-DB43-2624-3D0F-D1CEF43BDF6B}.Debug|Any CPU.Build.0 = Debug|Any CPU
		{C53A186B-DB43-2624-3D0F-D1CEF43BDF6B}.Release|Any CPU.ActiveCfg = Release|Any CPU
		{C53A186B-DB43-2624-3D0F-D1CEF43BDF6B}.Release|Any CPU.Build.0 = Release|Any CPU
		{7F46A493-DF2C-42E8-48CF-EA12484A3F3E}.Debug|Any CPU.ActiveCfg = Debug|Any CPU
		{7F46A493-DF2C-42E8-48CF-EA12484A3F3E}.Debug|Any CPU.Build.0 = Debug|Any CPU
		{7F46A493-DF2C-42E8-48CF-EA12484A3F3E}.Release|Any CPU.ActiveCfg = Release|Any CPU
		{7F46A493-DF2C-42E8-48CF-EA12484A3F3E}.Release|Any CPU.Build.0 = Release|Any CPU
		{E80554D5-D8C2-42BF-A526-4EE100845054}.Debug|Any CPU.ActiveCfg = Debug|Any CPU
		{E80554D5-D8C2-42BF-A526-4EE100845054}.Debug|Any CPU.Build.0 = Debug|Any CPU
		{E80554D5-D8C2-42BF-A526-4EE100845054}.Release|Any CPU.ActiveCfg = Release|Any CPU
		{E80554D5-D8C2-42BF-A526-4EE100845054}.Release|Any CPU.Build.0 = Release|Any CPU
	EndGlobalSection
	GlobalSection(SolutionProperties) = preSolution
		HideSolutionNode = FALSE
	EndGlobalSection
	GlobalSection(NestedProjects) = preSolution
		{ACD66E73-1ED1-E009-E158-50394859CF13} = {8EB20B68-452B-A7A8-79D9-EC29610CE5EA}
		{99EF7CB7-1CCD-9B74-8B0D-03D1CF8310AA} = {ACD66E73-1ED1-E009-E158-50394859CF13}
		{8F558764-DB0E-A9E2-0F32-4D191C7F545E} = {8EB20B68-452B-A7A8-79D9-EC29610CE5EA}
		{3C793154-5216-4B87-1850-0CE2F674C3DD} = {8F558764-DB0E-A9E2-0F32-4D191C7F545E}
		{D3FCB69F-7B56-D44B-7F69-091EBE96D466} = {3C793154-5216-4B87-1850-0CE2F674C3DD}
		{CF358F26-D4C3-3EB2-97F6-4003CDCA6311} = {8F558764-DB0E-A9E2-0F32-4D191C7F545E}
		{D4EA061F-F88A-A91A-EA36-6032C3F3C200} = {CF358F26-D4C3-3EB2-97F6-4003CDCA6311}
		{AF15DB36-C1B7-1B05-8385-A23A7A627F3C} = {8F558764-DB0E-A9E2-0F32-4D191C7F545E}
		{D919C87D-41F1-579F-708D-AF68DBF97EF1} = {AF15DB36-C1B7-1B05-8385-A23A7A627F3C}
		{571033EC-E412-9FF5-8D40-A5FA3FE86EEB} = {8F558764-DB0E-A9E2-0F32-4D191C7F545E}
		{69E88FD8-18C1-905E-892D-BFFE54E85DF6} = {571033EC-E412-9FF5-8D40-A5FA3FE86EEB}
		{64828451-11EC-A7A6-55F6-BAFC54B66470} = {8F558764-DB0E-A9E2-0F32-4D191C7F545E}
		{6E2ACAC4-74BB-BC34-379C-7AA791628A61} = {64828451-11EC-A7A6-55F6-BAFC54B66470}
		{EEADB155-8D65-4452-7370-406C63049180} = {8F558764-DB0E-A9E2-0F32-4D191C7F545E}
		{E0CAD15D-FD58-287D-A23F-1385CF476BC1} = {EEADB155-8D65-4452-7370-406C63049180}
		{586A72F5-176A-9E47-2E95-C63AEC85A16A} = {8F558764-DB0E-A9E2-0F32-4D191C7F545E}
		{C1221623-75A7-28F1-9D4C-2593784930A4} = {586A72F5-176A-9E47-2E95-C63AEC85A16A}
		{8E45A189-D904-D899-5D5C-6DA83EFACB0E} = {8F558764-DB0E-A9E2-0F32-4D191C7F545E}
		{B629D378-FF49-6B69-E988-DB714E8981E6} = {8E45A189-D904-D899-5D5C-6DA83EFACB0E}
		{7DABA304-DDD5-2039-3DFF-D927FED573BE} = {8EB20B68-452B-A7A8-79D9-EC29610CE5EA}
		{8B6B9236-49D9-3917-82D1-8CB04FEF7AFE} = {7DABA304-DDD5-2039-3DFF-D927FED573BE}
		{34C89653-6F02-B2FB-4E00-EB33AB995767} = {8B6B9236-49D9-3917-82D1-8CB04FEF7AFE}
		{E0CE6552-BA95-E909-621F-EDCE38C129A3} = {7DABA304-DDD5-2039-3DFF-D927FED573BE}
		{3D45FD07-FE41-B73D-34DA-346A39DE9AF5} = {E0CE6552-BA95-E909-621F-EDCE38C129A3}
		{CCC14703-AC6D-6260-5E11-9523773AE7BA} = {8EB20B68-452B-A7A8-79D9-EC29610CE5EA}
		{F1B4F4DC-0FD6-0CBA-59EB-B004D525917B} = {CCC14703-AC6D-6260-5E11-9523773AE7BA}
		{17D19C62-702F-71A6-8EDD-32E942D620FB} = {F1B4F4DC-0FD6-0CBA-59EB-B004D525917B}
		{050F9AFF-8B3D-FEA0-2B79-DBC7AEC3DC7B} = {CCC14703-AC6D-6260-5E11-9523773AE7BA}
		{54596988-95C9-B0A2-937E-18EFA40FB89A} = {050F9AFF-8B3D-FEA0-2B79-DBC7AEC3DC7B}
		{7C243713-6863-97AA-767D-380D7F7BE56C} = {CCC14703-AC6D-6260-5E11-9523773AE7BA}
		{B2BEEEB7-B81C-18D2-F9E8-7AD15D479905} = {7C243713-6863-97AA-767D-380D7F7BE56C}
		{047A6E96-B0F6-F734-8E02-D5918D887A04} = {CCC14703-AC6D-6260-5E11-9523773AE7BA}
		{EA69A393-5BC8-64C7-2EAF-708DA35ABE37} = {047A6E96-B0F6-F734-8E02-D5918D887A04}
		{F8A6AF54-59D8-52CF-6659-4F94FFAF22DE} = {CCC14703-AC6D-6260-5E11-9523773AE7BA}
		{A94EAF41-17BE-46AF-0895-52C98122E793} = {F8A6AF54-59D8-52CF-6659-4F94FFAF22DE}
		{FCAC8B1B-A6E4-7AC2-9AFB-F9BAB800D6AD} = {CCC14703-AC6D-6260-5E11-9523773AE7BA}
		{33E0868F-771F-439D-F98B-0C3D6D437017} = {FCAC8B1B-A6E4-7AC2-9AFB-F9BAB800D6AD}
		{76C0149B-F355-34BB-55A0-A52A47424851} = {CCC14703-AC6D-6260-5E11-9523773AE7BA}
		{1DA09F43-8D5D-9206-CEA2-6446BC22BC39} = {76C0149B-F355-34BB-55A0-A52A47424851}
		{79C635C6-D361-A4C5-84B8-74F16D9C2636} = {CCC14703-AC6D-6260-5E11-9523773AE7BA}
		{E0D81730-8B21-A23E-BFA9-9AE424799269} = {79C635C6-D361-A4C5-84B8-74F16D9C2636}
		{07FACE51-0153-E841-1CC4-4FC875EA51EF} = {8EB20B68-452B-A7A8-79D9-EC29610CE5EA}
		{062A1D06-6675-849E-FA97-03B9F1E5F226} = {07FACE51-0153-E841-1CC4-4FC875EA51EF}
		{DAFFC924-5E52-78B3-57D4-0121702B1C3D} = {062A1D06-6675-849E-FA97-03B9F1E5F226}
		{CE3C65EF-A4C0-7044-2826-75537B25241A} = {07FACE51-0153-E841-1CC4-4FC875EA51EF}
		{23E7C8C3-79E5-83AC-192D-7F22D405408E} = {CE3C65EF-A4C0-7044-2826-75537B25241A}
		{8319F3CD-ED5C-3493-FC17-65F9E1368DE4} = {8EB20B68-452B-A7A8-79D9-EC29610CE5EA}
		{75E2C881-1836-CCCC-7BB2-58B94489DF6E} = {8319F3CD-ED5C-3493-FC17-65F9E1368DE4}
		{C6C6102C-6EA5-23D5-A928-C3264E385630} = {75E2C881-1836-CCCC-7BB2-58B94489DF6E}
		{75E7AAF2-0DAB-AFCF-90B6-A33372B35B05} = {8319F3CD-ED5C-3493-FC17-65F9E1368DE4}
		{402ACB00-B9EA-DF78-EB82-A9D86F0CB4AC} = {75E7AAF2-0DAB-AFCF-90B6-A33372B35B05}
		{12B152AF-2B79-EB50-820F-1A60149EF988} = {8EB20B68-452B-A7A8-79D9-EC29610CE5EA}
		{A9681914-C745-A5B4-F490-AAB42BFF96BD} = {12B152AF-2B79-EB50-820F-1A60149EF988}
		{FCC03A87-D3CD-7036-6E12-2B5266A9B3AE} = {A9681914-C745-A5B4-F490-AAB42BFF96BD}
		{2D7B240D-2265-C63E-C37F-9395CE626F3D} = {12B152AF-2B79-EB50-820F-1A60149EF988}
		{4ABBE1E0-29F1-49C4-402B-8C29344A2D82} = {2D7B240D-2265-C63E-C37F-9395CE626F3D}
		{CA3F9727-98FB-7C96-8D23-20B3E7DBCD14} = {12B152AF-2B79-EB50-820F-1A60149EF988}
		{D1DF541A-9CDB-DBA3-A6CE-FD589160A895} = {CA3F9727-98FB-7C96-8D23-20B3E7DBCD14}
		{B4A32806-B805-62CD-1BC9-3EC4F936F265} = {12B152AF-2B79-EB50-820F-1A60149EF988}
		{C53A186B-DB43-2624-3D0F-D1CEF43BDF6B} = {B4A32806-B805-62CD-1BC9-3EC4F936F265}
		{0407418D-9946-7838-E729-57B49B245E10} = {12B152AF-2B79-EB50-820F-1A60149EF988}
		{7F46A493-DF2C-42E8-48CF-EA12484A3F3E} = {0407418D-9946-7838-E729-57B49B245E10}
		{5D9A82E9-3EF0-D34E-FD0A-D1B98F30AF6E} = {12B152AF-2B79-EB50-820F-1A60149EF988}
		{71F645EA-F222-17F8-537A-57BB1069B28D} = {5D9A82E9-3EF0-D34E-FD0A-D1B98F30AF6E}
		{E80554D5-D8C2-42BF-A526-4EE100845054} = {71F645EA-F222-17F8-537A-57BB1069B28D}
	EndGlobalSection
	GlobalSection(ExtensibilityGlobals) = postSolution
		SolutionGuid = {F2356E6A-F02D-44B4-B839-745D15D9A293}
	EndGlobalSection
EndGlobal
