
Microsoft Visual Studio Solution File, Format Version 12.00
# Visual Studio Version 18
VisualStudioVersion = 18.3.11426.168 d18.3
MinimumVisualStudioVersion = 10.0.40219.1
Project("{2150E333-8FDC-42A3-9474-1A3956D46DE8}") = "src", "src", "{827E0CD3-B72D-47B6-A68D-7590B98EB39B}"
EndProject
Project("{2150E333-8FDC-42A3-9474-1A3956D46DE8}") = "0.Utils", "0.Utils", "{F595B19E-40B6-FCF8-37C5-92EC247F2ED5}"
EndProject
Project("{FAE04EC0-301F-11D3-BF4B-00C04F79EFBC}") = "Utilities", "src\0.Utils\Utilities\Utilities.csproj", "{3B370179-D2A2-2169-BD01-6542A11D9806}"
EndProject
Project("{2150E333-8FDC-42A3-9474-1A3956D46DE8}") = "1.Simple", "1.Simple", "{C5C488A4-88F0-CD26-1F1D-1DF0C34EED74}"
EndProject
Project("{FAE04EC0-301F-11D3-BF4B-00C04F79EFBC}") = "Builtin", "src\1.Simple\Builtin\Builtin.csproj", "{F34FB0AF-354F-4C7E-E4B2-2D7AF739C802}"
EndProject
Project("{FAE04EC0-301F-11D3-BF4B-00C04F79EFBC}") = "HelloWorld", "src\1.Simple\HelloWorld\HelloWorld.csproj", "{9DB51211-0B8A-1CB8-F7D9-2A5498741D0C}"
EndProject
Project("{FAE04EC0-301F-11D3-BF4B-00C04F79EFBC}") = "Intrinsics", "src\1.Simple\Intrinsics\Intrinsics.csproj", "{1D3E8FE6-1FE9-59C7-A341-FD308D391FFB}"
EndProject
Project("{FAE04EC0-301F-11D3-BF4B-00C04F79EFBC}") = "Malloc", "src\1.Simple\Malloc\Malloc.csproj", "{E4C99AA6-C9C0-515B-EDDB-E6C124060986}"
EndProject
Project("{FAE04EC0-301F-11D3-BF4B-00C04F79EFBC}") = "Mandelbrot", "src\1.Simple\Mandelbrot\Mandelbrot.csproj", "{37BC34FB-8CA0-1716-35D6-B40ED753EA27}"
EndProject
Project("{2150E333-8FDC-42A3-9474-1A3956D46DE8}") = "Printf", "Printf", "{79BCE555-FB43-3233-5EFC-78A893CC5992}"
EndProject
Project("{FAE04EC0-301F-11D3-BF4B-00C04F79EFBC}") = "SimplePrintf", "src\1.Simple\Printf\SimplePrintf.csproj", "{1007201F-42C8-0FF7-9577-4BC8319EA105}"
EndProject
Project("{FAE04EC0-301F-11D3-BF4B-00C04F79EFBC}") = "Recursion", "src\1.Simple\Recursion\Recursion.csproj", "{450D4B8F-7897-4188-A89B-BDE499A629B1}"
EndProject
Project("{FAE04EC0-301F-11D3-BF4B-00C04F79EFBC}") = "Reduction", "src\1.Simple\Reduction\Reduction.csproj", "{91358CF7-2A12-BA77-3098-FC61FAB7C86A}"
EndProject
Project("{2150E333-8FDC-42A3-9474-1A3956D46DE8}") = "2.Imaging", "2.Imaging", "{2D293114-8D1C-E7F1-2734-D5483B7945AF}"
EndProject
Project("{FAE04EC0-301F-11D3-BF4B-00C04F79EFBC}") = "Sobel", "src\2.Imaging\Sobel\Sobel.csproj", "{504A226B-BB2E-D9C5-1605-DBA214AB8F00}"
EndProject
Project("{FAE04EC0-301F-11D3-BF4B-00C04F79EFBC}") = "Sobel_2D", "src\2.Imaging\Sobel_2D\Sobel_2D.csproj", "{3DD881A6-4918-C351-84AC-4E2BA5E939F4}"
EndProject
Project("{2150E333-8FDC-42A3-9474-1A3956D46DE8}") = "3.Maths", "3.Maths", "{394B0671-7A49-A11E-9644-C4D6ED758BB6}"
EndProject
Project("{FAE04EC0-301F-11D3-BF4B-00C04F79EFBC}") = "ConjugateGradient", "src\3.Maths\ConjugateGradient\ConjugateGradient.csproj", "{ED1672AB-863F-F0F4-70CA-5CC02F3A8BF0}"
EndProject
Project("{FAE04EC0-301F-11D3-BF4B-00C04F79EFBC}") = "Mandelbulb", "src\3.Maths\Mandelbulb\Mandelbulb.csproj", "{A9BFC364-96D7-2A54-1D95-2CF474509658}"
EndProject
Project("{FAE04EC0-301F-11D3-BF4B-00C04F79EFBC}") = "MonteCarloHeatEquation", "src\3.Maths\MonteCarloHeatEquation\MonteCarloHeatEquation.csproj", "{60683179-A468-1E75-E6A5-B34EC3F6C63C}"
EndProject
Project("{FAE04EC0-301F-11D3-BF4B-00C04F79EFBC}") = "NaiveMatrix", "src\3.Maths\NaiveMatrix\NaiveMatrix.csproj", "{3672C020-2CA8-E033-1883-DD81905D8D18}"
EndProject
Project("{FAE04EC0-301F-11D3-BF4B-00C04F79EFBC}") = "NBody", "src\3.Maths\NBody\NBody.csproj", "{0F61ECB4-17FF-E067-E06B-523A2766FC8E}"
EndProject
Project("{FAE04EC0-301F-11D3-BF4B-00C04F79EFBC}") = "Newton", "src\3.Maths\Newton\Newton.csproj", "{EE96EB4F-5824-2B90-1B08-DF166F23AA16}"
EndProject
Project("{FAE04EC0-301F-11D3-BF4B-00C04F79EFBC}") = "SharedMatrix", "src\3.Maths\SharedMatrix\SharedMatrix.csproj", "{5E52C85F-6302-F5EE-9FAA-FE2375EC4642}"
EndProject
Project("{FAE04EC0-301F-11D3-BF4B-00C04F79EFBC}") = "SparseMatrix", "src\3.Maths\SparseMatrix\SparseMatrix.csproj", "{2B259F29-A49A-C74C-80BC-B05331823A1E}"
EndProject
Project("{2150E333-8FDC-42A3-9474-1A3956D46DE8}") = "4.Finance", "4.Finance", "{A358E140-CFEE-DEB7-3E45-E5460B88FF48}"
EndProject
Project("{FAE04EC0-301F-11D3-BF4B-00C04F79EFBC}") = "BlackScholes", "src\4.Finance\BlackScholes\BlackScholes.csproj", "{38E43659-E884-E92F-102A-50F74C3312DB}"
EndProject
Project("{FAE04EC0-301F-11D3-BF4B-00C04F79EFBC}") = "BlackScholesFloat4", "src\4.Finance\BlackScholesFloat4\BlackScholesFloat4.csproj", "{B39CDAC9-4B52-A6E4-579D-97F277937040}"
EndProject
Project("{2150E333-8FDC-42A3-9474-1A3956D46DE8}") = "5.CUDA_runtime", "5.CUDA_runtime", "{1BF9A5F6-8AD2-77AA-1867-80E7780FAB6A}"
EndProject
Project("{FAE04EC0-301F-11D3-BF4B-00C04F79EFBC}") = "ConstantMemory", "src\5.CUDA_runtime\ConstantMemory\ConstantMemory.csproj", "{A52BB793-A095-0B96-7643-5791797706E2}"
EndProject
Project("{FAE04EC0-301F-11D3-BF4B-00C04F79EFBC}") = "Streams", "src\5.CUDA_runtime\Streams\Streams.csproj", "{008CDC98-91A3-7EA6-4B44-71A11B29CE26}"
EndProject
Project("{2150E333-8FDC-42A3-9474-1A3956D46DE8}") = "6.Advanced", "6.Advanced", "{00C8D7F0-9049-BEC3-82BC-335F20170011}"
EndProject
Project("{FAE04EC0-301F-11D3-BF4B-00C04F79EFBC}") = "GenericFunctions", "src\6.Advanced\GenericFunctions\GenericFunctions.csproj", "{57EE932A-474C-82EE-B8A4-CC6ED06CF88F}"
EndProject
Project("{FAE04EC0-301F-11D3-BF4B-00C04F79EFBC}") = "GenericMemoryAccess", "src\6.Advanced\GenericMemoryAccess\GenericMemoryAccess.csproj", "{1A097B3E-CE8D-6784-8CDA-6B18A7AEE4BD}"
EndProject
Project("{FAE04EC0-301F-11D3-BF4B-00C04F79EFBC}") = "GenericReduction", "src\6.Advanced\GenericReduction\GenericReduction.csproj", "{BF724BEC-4DBA-4C6F-6FF9-A5D0085F06C0}"
EndProject
Project("{FAE04EC0-301F-11D3-BF4B-00C04F79EFBC}") = "InterfacesReduction", "src\6.Advanced\InterfacesReduction\InterfacesReduction.csproj", "{56CF52F8-21AF-9256-5E25-6311D95F15D6}"
EndProject
Project("{FAE04EC0-301F-11D3-BF4B-00C04F79EFBC}") = "LambdaReduction", "src\6.Advanced\LambdaReduction\LambdaReduction.csproj", "{D40518D3-3C6A-5C34-070C-876105802A36}"
EndProject
Project("{FAE04EC0-301F-11D3-BF4B-00C04F79EFBC}") = "SimpleMetadataDecorator", "src\6.Advanced\SimpleMetadataDecorator\SimpleMetadataDecorator.csproj", "{B8D5C563-65A6-8F12-872A-80085570D4C9}"
EndProject
Project("{FAE04EC0-301F-11D3-BF4B-00C04F79EFBC}") = "Hybridizer.Runtime.CUDAImports", "..\hybridizer-software-suite\Hybridizer\Runtime\CUDAImports\src\Hybridizer.Runtime.CUDAImports.csproj", "{49290E1C-AFB0-4604-AC27-9FC490E9E03A}"
EndProject
Project("{FAE04EC0-301F-11D3-BF4B-00C04F79EFBC}") = "InOut", "src\1.Simple\InOut\InOut.csproj", "{3B8ACD97-2E28-4274-8C53-53E477A43AD3}"
EndProject
Global
	GlobalSection(SolutionConfigurationPlatforms) = preSolution
		Debug|x64 = Debug|x64
		Release|x64 = Release|x64
	EndGlobalSection
	GlobalSection(ProjectConfigurationPlatforms) = postSolution
		{3B370179-D2A2-2169-BD01-6542A11D9806}.Debug|x64.ActiveCfg = Debug|x64
		{3B370179-D2A2-2169-BD01-6542A11D9806}.Debug|x64.Build.0 = Debug|x64
		{3B370179-D2A2-2169-BD01-6542A11D9806}.Release|x64.ActiveCfg = Release|x64
		{3B370179-D2A2-2169-BD01-6542A11D9806}.Release|x64.Build.0 = Release|x64
		{F34FB0AF-354F-4C7E-E4B2-2D7AF739C802}.Debug|x64.ActiveCfg = Debug|x64
		{F34FB0AF-354F-4C7E-E4B2-2D7AF739C802}.Debug|x64.Build.0 = Debug|x64
		{F34FB0AF-354F-4C7E-E4B2-2D7AF739C802}.Release|x64.ActiveCfg = Release|x64
		{F34FB0AF-354F-4C7E-E4B2-2D7AF739C802}.Release|x64.Build.0 = Release|x64
		{9DB51211-0B8A-1CB8-F7D9-2A5498741D0C}.Debug|x64.ActiveCfg = Debug|x64
		{9DB51211-0B8A-1CB8-F7D9-2A5498741D0C}.Debug|x64.Build.0 = Debug|x64
		{9DB51211-0B8A-1CB8-F7D9-2A5498741D0C}.Release|x64.ActiveCfg = Release|x64
		{9DB51211-0B8A-1CB8-F7D9-2A5498741D0C}.Release|x64.Build.0 = Release|x64
		{1D3E8FE6-1FE9-59C7-A341-FD308D391FFB}.Debug|x64.ActiveCfg = Debug|x64
		{1D3E8FE6-1FE9-59C7-A341-FD308D391FFB}.Debug|x64.Build.0 = Debug|x64
		{1D3E8FE6-1FE9-59C7-A341-FD308D391FFB}.Release|x64.ActiveCfg = Release|x64
		{1D3E8FE6-1FE9-59C7-A341-FD308D391FFB}.Release|x64.Build.0 = Release|x64
		{E4C99AA6-C9C0-515B-EDDB-E6C124060986}.Debug|x64.ActiveCfg = Debug|x64
		{E4C99AA6-C9C0-515B-EDDB-E6C124060986}.Debug|x64.Build.0 = Debug|x64
		{E4C99AA6-C9C0-515B-EDDB-E6C124060986}.Release|x64.ActiveCfg = Release|x64
		{E4C99AA6-C9C0-515B-EDDB-E6C124060986}.Release|x64.Build.0 = Release|x64
		{37BC34FB-8CA0-1716-35D6-B40ED753EA27}.Debug|x64.ActiveCfg = Debug|x64
		{37BC34FB-8CA0-1716-35D6-B40ED753EA27}.Debug|x64.Build.0 = Debug|x64
		{37BC34FB-8CA0-1716-35D6-B40ED753EA27}.Release|x64.ActiveCfg = Release|x64
		{37BC34FB-8CA0-1716-35D6-B40ED753EA27}.Release|x64.Build.0 = Release|x64
		{1007201F-42C8-0FF7-9577-4BC8319EA105}.Debug|x64.ActiveCfg = Debug|x64
		{1007201F-42C8-0FF7-9577-4BC8319EA105}.Debug|x64.Build.0 = Debug|x64
		{1007201F-42C8-0FF7-9577-4BC8319EA105}.Release|x64.ActiveCfg = Release|x64
		{1007201F-42C8-0FF7-9577-4BC8319EA105}.Release|x64.Build.0 = Release|x64
		{450D4B8F-7897-4188-A89B-BDE499A629B1}.Debug|x64.ActiveCfg = Debug|x64
		{450D4B8F-7897-4188-A89B-BDE499A629B1}.Debug|x64.Build.0 = Debug|x64
		{450D4B8F-7897-4188-A89B-BDE499A629B1}.Release|x64.ActiveCfg = Release|x64
		{450D4B8F-7897-4188-A89B-BDE499A629B1}.Release|x64.Build.0 = Release|x64
		{91358CF7-2A12-BA77-3098-FC61FAB7C86A}.Debug|x64.ActiveCfg = Debug|x64
		{91358CF7-2A12-BA77-3098-FC61FAB7C86A}.Debug|x64.Build.0 = Debug|x64
		{91358CF7-2A12-BA77-3098-FC61FAB7C86A}.Release|x64.ActiveCfg = Release|x64
		{91358CF7-2A12-BA77-3098-FC61FAB7C86A}.Release|x64.Build.0 = Release|x64
		{504A226B-BB2E-D9C5-1605-DBA214AB8F00}.Debug|x64.ActiveCfg = Debug|x64
		{504A226B-BB2E-D9C5-1605-DBA214AB8F00}.Debug|x64.Build.0 = Debug|x64
		{504A226B-BB2E-D9C5-1605-DBA214AB8F00}.Release|x64.ActiveCfg = Release|x64
		{504A226B-BB2E-D9C5-1605-DBA214AB8F00}.Release|x64.Build.0 = Release|x64
		{3DD881A6-4918-C351-84AC-4E2BA5E939F4}.Debug|x64.ActiveCfg = Debug|x64
		{3DD881A6-4918-C351-84AC-4E2BA5E939F4}.Debug|x64.Build.0 = Debug|x64
		{3DD881A6-4918-C351-84AC-4E2BA5E939F4}.Release|x64.ActiveCfg = Release|x64
		{3DD881A6-4918-C351-84AC-4E2BA5E939F4}.Release|x64.Build.0 = Release|x64
		{ED1672AB-863F-F0F4-70CA-5CC02F3A8BF0}.Debug|x64.ActiveCfg = Debug|x64
		{ED1672AB-863F-F0F4-70CA-5CC02F3A8BF0}.Debug|x64.Build.0 = Debug|x64
		{ED1672AB-863F-F0F4-70CA-5CC02F3A8BF0}.Release|x64.ActiveCfg = Release|x64
		{ED1672AB-863F-F0F4-70CA-5CC02F3A8BF0}.Release|x64.Build.0 = Release|x64
		{A9BFC364-96D7-2A54-1D95-2CF474509658}.Debug|x64.ActiveCfg = Debug|x64
		{A9BFC364-96D7-2A54-1D95-2CF474509658}.Debug|x64.Build.0 = Debug|x64
		{A9BFC364-96D7-2A54-1D95-2CF474509658}.Release|x64.ActiveCfg = Release|x64
		{A9BFC364-96D7-2A54-1D95-2CF474509658}.Release|x64.Build.0 = Release|x64
		{60683179-A468-1E75-E6A5-B34EC3F6C63C}.Debug|x64.ActiveCfg = Debug|x64
		{60683179-A468-1E75-E6A5-B34EC3F6C63C}.Debug|x64.Build.0 = Debug|x64
		{60683179-A468-1E75-E6A5-B34EC3F6C63C}.Release|x64.ActiveCfg = Release|x64
		{60683179-A468-1E75-E6A5-B34EC3F6C63C}.Release|x64.Build.0 = Release|x64
		{3672C020-2CA8-E033-1883-DD81905D8D18}.Debug|x64.ActiveCfg = Debug|x64
		{3672C020-2CA8-E033-1883-DD81905D8D18}.Debug|x64.Build.0 = Debug|x64
		{3672C020-2CA8-E033-1883-DD81905D8D18}.Release|x64.ActiveCfg = Release|x64
		{3672C020-2CA8-E033-1883-DD81905D8D18}.Release|x64.Build.0 = Release|x64
		{0F61ECB4-17FF-E067-E06B-523A2766FC8E}.Debug|x64.ActiveCfg = Debug|x64
		{0F61ECB4-17FF-E067-E06B-523A2766FC8E}.Debug|x64.Build.0 = Debug|x64
		{0F61ECB4-17FF-E067-E06B-523A2766FC8E}.Release|x64.ActiveCfg = Release|x64
		{0F61ECB4-17FF-E067-E06B-523A2766FC8E}.Release|x64.Build.0 = Release|x64
		{EE96EB4F-5824-2B90-1B08-DF166F23AA16}.Debug|x64.ActiveCfg = Debug|x64
		{EE96EB4F-5824-2B90-1B08-DF166F23AA16}.Debug|x64.Build.0 = Debug|x64
		{EE96EB4F-5824-2B90-1B08-DF166F23AA16}.Release|x64.ActiveCfg = Release|x64
		{EE96EB4F-5824-2B90-1B08-DF166F23AA16}.Release|x64.Build.0 = Release|x64
		{5E52C85F-6302-F5EE-9FAA-FE2375EC4642}.Debug|x64.ActiveCfg = Debug|x64
		{5E52C85F-6302-F5EE-9FAA-FE2375EC4642}.Debug|x64.Build.0 = Debug|x64
		{5E52C85F-6302-F5EE-9FAA-FE2375EC4642}.Release|x64.ActiveCfg = Release|x64
		{5E52C85F-6302-F5EE-9FAA-FE2375EC4642}.Release|x64.Build.0 = Release|x64
		{2B259F29-A49A-C74C-80BC-B05331823A1E}.Debug|x64.ActiveCfg = Debug|x64
		{2B259F29-A49A-C74C-80BC-B05331823A1E}.Debug|x64.Build.0 = Debug|x64
		{2B259F29-A49A-C74C-80BC-B05331823A1E}.Release|x64.ActiveCfg = Release|x64
		{2B259F29-A49A-C74C-80BC-B05331823A1E}.Release|x64.Build.0 = Release|x64
		{38E43659-E884-E92F-102A-50F74C3312DB}.Debug|x64.ActiveCfg = Debug|x64
		{38E43659-E884-E92F-102A-50F74C3312DB}.Debug|x64.Build.0 = Debug|x64
		{38E43659-E884-E92F-102A-50F74C3312DB}.Release|x64.ActiveCfg = Release|x64
		{38E43659-E884-E92F-102A-50F74C3312DB}.Release|x64.Build.0 = Release|x64
		{B39CDAC9-4B52-A6E4-579D-97F277937040}.Debug|x64.ActiveCfg = Debug|x64
		{B39CDAC9-4B52-A6E4-579D-97F277937040}.Debug|x64.Build.0 = Debug|x64
		{B39CDAC9-4B52-A6E4-579D-97F277937040}.Release|x64.ActiveCfg = Release|x64
		{B39CDAC9-4B52-A6E4-579D-97F277937040}.Release|x64.Build.0 = Release|x64
		{A52BB793-A095-0B96-7643-5791797706E2}.Debug|x64.ActiveCfg = Debug|x64
		{A52BB793-A095-0B96-7643-5791797706E2}.Debug|x64.Build.0 = Debug|x64
		{A52BB793-A095-0B96-7643-5791797706E2}.Release|x64.ActiveCfg = Release|x64
		{A52BB793-A095-0B96-7643-5791797706E2}.Release|x64.Build.0 = Release|x64
		{008CDC98-91A3-7EA6-4B44-71A11B29CE26}.Debug|x64.ActiveCfg = Debug|x64
		{008CDC98-91A3-7EA6-4B44-71A11B29CE26}.Debug|x64.Build.0 = Debug|x64
		{008CDC98-91A3-7EA6-4B44-71A11B29CE26}.Release|x64.ActiveCfg = Release|x64
		{008CDC98-91A3-7EA6-4B44-71A11B29CE26}.Release|x64.Build.0 = Release|x64
		{57EE932A-474C-82EE-B8A4-CC6ED06CF88F}.Debug|x64.ActiveCfg = Debug|x64
		{57EE932A-474C-82EE-B8A4-CC6ED06CF88F}.Debug|x64.Build.0 = Debug|x64
		{57EE932A-474C-82EE-B8A4-CC6ED06CF88F}.Release|x64.ActiveCfg = Release|x64
		{57EE932A-474C-82EE-B8A4-CC6ED06CF88F}.Release|x64.Build.0 = Release|x64
		{1A097B3E-CE8D-6784-8CDA-6B18A7AEE4BD}.Debug|x64.ActiveCfg = Debug|x64
		{1A097B3E-CE8D-6784-8CDA-6B18A7AEE4BD}.Debug|x64.Build.0 = Debug|x64
		{1A097B3E-CE8D-6784-8CDA-6B18A7AEE4BD}.Release|x64.ActiveCfg = Release|x64
		{1A097B3E-CE8D-6784-8CDA-6B18A7AEE4BD}.Release|x64.Build.0 = Release|x64
		{BF724BEC-4DBA-4C6F-6FF9-A5D0085F06C0}.Debug|x64.ActiveCfg = Debug|x64
		{BF724BEC-4DBA-4C6F-6FF9-A5D0085F06C0}.Debug|x64.Build.0 = Debug|x64
		{BF724BEC-4DBA-4C6F-6FF9-A5D0085F06C0}.Release|x64.ActiveCfg = Release|x64
		{BF724BEC-4DBA-4C6F-6FF9-A5D0085F06C0}.Release|x64.Build.0 = Release|x64
		{56CF52F8-21AF-9256-5E25-6311D95F15D6}.Debug|x64.ActiveCfg = Debug|x64
		{56CF52F8-21AF-9256-5E25-6311D95F15D6}.Debug|x64.Build.0 = Debug|x64
		{56CF52F8-21AF-9256-5E25-6311D95F15D6}.Release|x64.ActiveCfg = Release|x64
		{56CF52F8-21AF-9256-5E25-6311D95F15D6}.Release|x64.Build.0 = Release|x64
		{D40518D3-3C6A-5C34-070C-876105802A36}.Debug|x64.ActiveCfg = Debug|x64
		{D40518D3-3C6A-5C34-070C-876105802A36}.Debug|x64.Build.0 = Debug|x64
		{D40518D3-3C6A-5C34-070C-876105802A36}.Release|x64.ActiveCfg = Release|x64
		{D40518D3-3C6A-5C34-070C-876105802A36}.Release|x64.Build.0 = Release|x64
		{B8D5C563-65A6-8F12-872A-80085570D4C9}.Debug|x64.ActiveCfg = Debug|x64
		{B8D5C563-65A6-8F12-872A-80085570D4C9}.Debug|x64.Build.0 = Debug|x64
		{B8D5C563-65A6-8F12-872A-80085570D4C9}.Release|x64.ActiveCfg = Release|x64
		{B8D5C563-65A6-8F12-872A-80085570D4C9}.Release|x64.Build.0 = Release|x64
		{49290E1C-AFB0-4604-AC27-9FC490E9E03A}.Debug|x64.ActiveCfg = Debug|x64
		{49290E1C-AFB0-4604-AC27-9FC490E9E03A}.Debug|x64.Build.0 = Debug|x64
		{49290E1C-AFB0-4604-AC27-9FC490E9E03A}.Release|x64.ActiveCfg = Release|x64
		{49290E1C-AFB0-4604-AC27-9FC490E9E03A}.Release|x64.Build.0 = Release|x64
		{3B8ACD97-2E28-4274-8C53-53E477A43AD3}.Debug|x64.ActiveCfg = Debug|x64
		{3B8ACD97-2E28-4274-8C53-53E477A43AD3}.Debug|x64.Build.0 = Debug|x64
		{3B8ACD97-2E28-4274-8C53-53E477A43AD3}.Release|x64.ActiveCfg = Release|x64
		{3B8ACD97-2E28-4274-8C53-53E477A43AD3}.Release|x64.Build.0 = Release|x64
	EndGlobalSection
	GlobalSection(SolutionProperties) = preSolution
		HideSolutionNode = FALSE
	EndGlobalSection
	GlobalSection(NestedProjects) = preSolution
		{F595B19E-40B6-FCF8-37C5-92EC247F2ED5} = {827E0CD3-B72D-47B6-A68D-7590B98EB39B}
		{3B370179-D2A2-2169-BD01-6542A11D9806} = {F595B19E-40B6-FCF8-37C5-92EC247F2ED5}
		{C5C488A4-88F0-CD26-1F1D-1DF0C34EED74} = {827E0CD3-B72D-47B6-A68D-7590B98EB39B}
		{F34FB0AF-354F-4C7E-E4B2-2D7AF739C802} = {C5C488A4-88F0-CD26-1F1D-1DF0C34EED74}
		{9DB51211-0B8A-1CB8-F7D9-2A5498741D0C} = {C5C488A4-88F0-CD26-1F1D-1DF0C34EED74}
		{1D3E8FE6-1FE9-59C7-A341-FD308D391FFB} = {C5C488A4-88F0-CD26-1F1D-1DF0C34EED74}
		{E4C99AA6-C9C0-515B-EDDB-E6C124060986} = {C5C488A4-88F0-CD26-1F1D-1DF0C34EED74}
		{37BC34FB-8CA0-1716-35D6-B40ED753EA27} = {C5C488A4-88F0-CD26-1F1D-1DF0C34EED74}
		{79BCE555-FB43-3233-5EFC-78A893CC5992} = {C5C488A4-88F0-CD26-1F1D-1DF0C34EED74}
		{1007201F-42C8-0FF7-9577-4BC8319EA105} = {79BCE555-FB43-3233-5EFC-78A893CC5992}
		{450D4B8F-7897-4188-A89B-BDE499A629B1} = {C5C488A4-88F0-CD26-1F1D-1DF0C34EED74}
		{91358CF7-2A12-BA77-3098-FC61FAB7C86A} = {C5C488A4-88F0-CD26-1F1D-1DF0C34EED74}
		{2D293114-8D1C-E7F1-2734-D5483B7945AF} = {827E0CD3-B72D-47B6-A68D-7590B98EB39B}
		{504A226B-BB2E-D9C5-1605-DBA214AB8F00} = {2D293114-8D1C-E7F1-2734-D5483B7945AF}
		{3DD881A6-4918-C351-84AC-4E2BA5E939F4} = {2D293114-8D1C-E7F1-2734-D5483B7945AF}
		{394B0671-7A49-A11E-9644-C4D6ED758BB6} = {827E0CD3-B72D-47B6-A68D-7590B98EB39B}
		{ED1672AB-863F-F0F4-70CA-5CC02F3A8BF0} = {394B0671-7A49-A11E-9644-C4D6ED758BB6}
		{A9BFC364-96D7-2A54-1D95-2CF474509658} = {394B0671-7A49-A11E-9644-C4D6ED758BB6}
		{60683179-A468-1E75-E6A5-B34EC3F6C63C} = {394B0671-7A49-A11E-9644-C4D6ED758BB6}
		{3672C020-2CA8-E033-1883-DD81905D8D18} = {394B0671-7A49-A11E-9644-C4D6ED758BB6}
		{0F61ECB4-17FF-E067-E06B-523A2766FC8E} = {394B0671-7A49-A11E-9644-C4D6ED758BB6}
		{EE96EB4F-5824-2B90-1B08-DF166F23AA16} = {394B0671-7A49-A11E-9644-C4D6ED758BB6}
		{5E52C85F-6302-F5EE-9FAA-FE2375EC4642} = {394B0671-7A49-A11E-9644-C4D6ED758BB6}
		{2B259F29-A49A-C74C-80BC-B05331823A1E} = {394B0671-7A49-A11E-9644-C4D6ED758BB6}
		{A358E140-CFEE-DEB7-3E45-E5460B88FF48} = {827E0CD3-B72D-47B6-A68D-7590B98EB39B}
		{38E43659-E884-E92F-102A-50F74C3312DB} = {A358E140-CFEE-DEB7-3E45-E5460B88FF48}
		{B39CDAC9-4B52-A6E4-579D-97F277937040} = {A358E140-CFEE-DEB7-3E45-E5460B88FF48}
		{1BF9A5F6-8AD2-77AA-1867-80E7780FAB6A} = {827E0CD3-B72D-47B6-A68D-7590B98EB39B}
		{A52BB793-A095-0B96-7643-5791797706E2} = {1BF9A5F6-8AD2-77AA-1867-80E7780FAB6A}
		{008CDC98-91A3-7EA6-4B44-71A11B29CE26} = {1BF9A5F6-8AD2-77AA-1867-80E7780FAB6A}
		{00C8D7F0-9049-BEC3-82BC-335F20170011} = {827E0CD3-B72D-47B6-A68D-7590B98EB39B}
		{57EE932A-474C-82EE-B8A4-CC6ED06CF88F} = {00C8D7F0-9049-BEC3-82BC-335F20170011}
		{1A097B3E-CE8D-6784-8CDA-6B18A7AEE4BD} = {00C8D7F0-9049-BEC3-82BC-335F20170011}
		{BF724BEC-4DBA-4C6F-6FF9-A5D0085F06C0} = {00C8D7F0-9049-BEC3-82BC-335F20170011}
		{56CF52F8-21AF-9256-5E25-6311D95F15D6} = {00C8D7F0-9049-BEC3-82BC-335F20170011}
		{D40518D3-3C6A-5C34-070C-876105802A36} = {00C8D7F0-9049-BEC3-82BC-335F20170011}
		{B8D5C563-65A6-8F12-872A-80085570D4C9} = {00C8D7F0-9049-BEC3-82BC-335F20170011}
		{3B8ACD97-2E28-4274-8C53-53E477A43AD3} = {C5C488A4-88F0-CD26-1F1D-1DF0C34EED74}
	EndGlobalSection
	GlobalSection(ExtensibilityGlobals) = postSolution
		SolutionGuid = {9453E572-3A5A-4808-8396-C7645A5CA6A0}
	EndGlobalSection
EndGlobal
